# This file is autogenerated, do not edit; changes may be undone by the next 'dep ensure'.


[[projects]]
  branch = "master"
  digest = "1:d5891c5bca9c62e5d394ca26491d2b710a1dc08cedeb0ca8f9ac4c3305120b02"
  name = "golang.org/x/crypto"
  packages = [
    "ed25519",
    "ed25519/internal/edwards25519",
  ]
  pruneopts = "UT"
  revision = "80fca2ff14a3fb7db622c9a5462f8ce9ea026cba"

[[projects]]
  digest = "1:3c30f2d65883ac85b43ffca835de179b24677392b4df001517862e113d0439ff"
  name = "gopkg.in/square/go-jose.v2"
  packages = [
    ".",
    "cipher",
    "json",
    "jwt",
  ]
  pruneopts = "UT"
  revision = "349dc03548930652802aadc09fb126e2b7cb6d80"
  version = "v2.1.7"

[solve-meta]
  analyzer-name = "dep"
  analyzer-version = 1
  input-imports = [
    "gopkg.in/square/go-jose.v2",
    "gopkg.in/square/go-jose.v2/jwt",
  ]
  solver-name = "gps-cdcl"
  solver-version = 1
